{
  "name": "SpringSummoner",
  "lockfileVersion": 2,
  "requires": true,
  "packages": {
    "": {
      "dependencies": {
        "phaser-animated-tiles-phaser3.5": "^2.0.5"
      }
    },
    "node_modules/eventemitter3": {
      "version": "5.0.1",
      "resolved": "https://registry.npmjs.org/eventemitter3/-/eventemitter3-5.0.1.tgz",
      "integrity": "sha512-GWkBvjiSZK87ELrYOSESUYeVIc9mvLLf/nXalMOS5dYrgZq9o5OVkbZAVM06CVxYsCwH9BDZFPlQTlPA1j4ahA==",
      "peer": true
    },
    "node_modules/phaser": {
      "version": "3.80.1",
      "resolved": "https://registry.npmjs.org/phaser/-/phaser-3.80.1.tgz",
      "integrity": "sha512-VQGAWoDOkEpAWYkI+PUADv5Ql+SM0xpLuAMBJHz9tBcOLqjJ2wd8bUhxJgOqclQlLTg97NmMd9MhS75w16x1Cw==",
      "peer": true,
      "dependencies": {
        "eventemitter3": "^5.0.1"
      }
    },
    "node_modules/phaser-animated-tiles-phaser3.5": {
      "version": "2.0.5",
      "resolved": "https://registry.npmjs.org/phaser-animated-tiles-phaser3.5/-/phaser-animated-tiles-phaser3.5-2.0.5.tgz",
      "integrity": "sha512-gYawPPjpl/0l3gWt3UygtvikfBJPwQNoAha+x8BA8YNhOJLh+13kGds4AOdn7a1co2LYzIAfVD0e/DPHCfKM9Q==",
      "peerDependencies": {
        "phaser": "^3.x"
      }
    }
  },
  "dependencies": {
    "eventemitter3": {
      "version": "5.0.1",
      "resolved": "https://registry.npmjs.org/eventemitter3/-/eventemitter3-5.0.1.tgz",
      "integrity": "sha512-GWkBvjiSZK87ELrYOSESUYeVIc9mvLLf/nXalMOS5dYrgZq9o5OVkbZAVM06CVxYsCwH9BDZFPlQTlPA1j4ahA==",
      "peer": true
    },
    "phaser": {
      "version": "3.80.1",
      "resolved": "https://registry.npmjs.org/phaser/-/phaser-3.80.1.tgz",
      "integrity": "sha512-VQGAWoDOkEpAWYkI+PUADv5Ql+SM0xpLuAMBJHz9tBcOLqjJ2wd8bUhxJgOqclQlLTg97NmMd9MhS75w16x1Cw==",
      "peer": true,
      "requires": {
        "eventemitter3": "^5.0.1"
      }
    },
    "phaser-animated-tiles-phaser3.5": {
      "version": "2.0.5",
      "resolved": "https://registry.npmjs.org/phaser-animated-tiles-phaser3.5/-/phaser-animated-tiles-phaser3.5-2.0.5.tgz",
      "integrity": "sha512-gYawPPjpl/0l3gWt3UygtvikfBJPwQNoAha+x8BA8YNhOJLh+13kGds4AOdn7a1co2LYzIAfVD0e/DPHCfKM9Q==",
      "requires": {}
    }
  }
}
